{
  "version": 4,
  "terraform_version": "0.12.12",
  "serial": 11,
  "lineage": "ec0fa776-455d-8df2-856f-9e1bd492df57",
  "outputs": {
    "cluster_name": {
      "value": "devops-27-demo",
      "type": "string"
    },
    "project_id": {
      "value": "devops-27",
      "type": "string"
    },
    "region": {
      "value": "us-east1",
      "type": "string"
    }
  },
  "resources": [
    {
      "mode": "managed",
      "type": "google_container_cluster",
      "name": "primary",
      "provider": "provider.google",
      "instances": [
        {
          "schema_version": 1,
          "attributes": {
            "additional_zones": [],
            "addons_config": [
              {
                "horizontal_pod_autoscaling": [],
                "http_load_balancing": [],
                "kubernetes_dashboard": [],
                "network_policy_config": [
                  {
                    "disabled": true
                  }
                ]
              }
            ],
            "authenticator_groups_config": [],
            "cluster_autoscaling": [
              {
                "auto_provisioning_defaults": [],
                "enabled": false,
                "resource_limits": []
              }
            ],
            "cluster_ipv4_cidr": "10.56.0.0/14",
            "default_max_pods_per_node": 110,
            "description": "",
            "enable_binary_authorization": null,
            "enable_intranode_visibility": null,
            "enable_kubernetes_alpha": false,
            "enable_legacy_abac": false,
            "enable_tpu": null,
            "endpoint": "35.231.76.154",
            "id": "projects/devops-27/locations/us-east1/clusters/devops-27-demo",
            "initial_node_count": 1,
            "instance_group_urls": [],
            "ip_allocation_policy": [],
            "location": "us-east1",
            "logging_service": "logging.googleapis.com/kubernetes",
            "maintenance_policy": [],
            "master_auth": [
              {
                "client_certificate": "",
                "client_certificate_config": [
                  {
                    "issue_client_certificate": false
                  }
                ],
                "client_key": "",
                "cluster_ca_certificate": "LS0tLS1CRUdJTiBDRVJUSUZJQ0FURS0tLS0tCk1JSURERENDQWZTZ0F3SUJBZ0lSQUprN0FpaTJXcUpPcGdrRUxXY2pTNFF3RFFZSktvWklodmNOQVFFTEJRQXcKTHpFdE1Dc0dBMVVFQXhNa1lqbGlZMlkyWWpFdFpqazNPQzAwTVdNekxXRmhPVGt0T0RWak5qRm1PV1F4T0RsaApNQjRYRFRJd01ERXlNVEUzTURneE1Gb1hEVEkxTURFeE9URTRNRGd4TUZvd0x6RXRNQ3NHQTFVRUF4TWtZamxpClkyWTJZakV0WmprM09DMDBNV016TFdGaE9Ua3RPRFZqTmpGbU9XUXhPRGxoTUlJQklqQU5CZ2txaGtpRzl3MEIKQVFFRkFBT0NBUThBTUlJQkNnS0NBUUVBaVp3MEpqVW5GVWF5bFpaaEJIMFFTV0lMR2NjM2NrMTIrRXBRa0ZETAoxdWhLSFdiamtjdFpXdkhmTzVCUE9KcFFUbkdzY05rbHBhMmM0M25UNUxRVm15a3dkOE96VGVIb2hXZUJvdXhRClErTHlaWW84THFNb3hnZjY2dExaZ05LeXk2d0IyUmd3VkJDQysvV1dldXVjcngreHZUeW1OTGEwVGF0bjNab3MKN3UxdUxubHVLOWMrMDZlN2sranl1STNrSkZVbHF5TUNhQUpvYmEyM0ZDWXdIeDlTTlJXN2pWZU9mdTBOUlB1cApKc1YzWlNEWFpSNnkyR2pqUm95aVg2MFBuMVZJbGVwM0diSitYSGpjMmhqU1BDR0VlMlhRRFlzNllnYW9vL2pKCmM4Mit2cVFaMEFIMkpDZHRBTWRhUVpoNUVJQzRSYkQwNVd3N1hCT3JkWldvMFFJREFRQUJveU13SVRBT0JnTlYKSFE4QkFmOEVCQU1DQWdRd0R3WURWUjBUQVFIL0JBVXdBd0VCL3pBTkJna3Foa2lHOXcwQkFRc0ZBQU9DQVFFQQpTaWZWc2ZNbDI5SjJYTXprMExXcy9QY3pVNGpVWmxTZXpXSTh2Z2kvdFJLYVBpTHBhcTZsR1V0Y0hZak5aSGt1CmppL0NOdHN0MkJVRnBzWFBKWWtJUVVGZ01PTVFPakoyZ3RHSmlXZEoyZi9QNEtLMzYwZlJmV2R2ck5TSVg4dmEKQWdrSWJLdi94R0ZjUlFmQVlTVHA1bk1naFpMNWQ0cXZSZ0lPL1BXTjJ1Z3Z5VmVScmZjaURkd3U2QW1GMGNCSApSa3ZFSWlyNkptd3FZWnNDNGZYVU93VEhxMlI3eWl3K2c3d2Zsd3JpbnFxREJLTHRKbHpFMkpBYzJwU0FCemg2ClJzdGtCNmtYaGhoYy9FQVNveHdOaHlrTHNVTmx3MWc3YWIyR0F1RUxrdEtmY1JXcHlVZWw3d3NyNzRhSHJ2aHMKM01hYng0THFZUDNTRm0wT1o3UmsvZz09Ci0tLS0tRU5EIENFUlRJRklDQVRFLS0tLS0K",
                "password": "",
                "username": ""
              }
            ],
            "master_authorized_networks_config": [],
            "master_version": "1.15.7-gke.23",
            "min_master_version": "1.15.7-gke.23",
            "monitoring_service": "monitoring.googleapis.com/kubernetes",
            "name": "devops-27-demo",
            "network": "projects/devops-27/global/networks/default",
            "network_policy": [
              {
                "enabled": false,
                "provider": "PROVIDER_UNSPECIFIED"
              }
            ],
            "node_config": [],
            "node_locations": [
              "us-east1-b",
              "us-east1-c",
              "us-east1-d"
            ],
            "node_pool": [],
            "node_version": "1.15.7-gke.23",
            "operation": null,
            "pod_security_policy_config": null,
            "private_cluster_config": [],
            "project": "devops-27",
            "region": null,
            "remove_default_node_pool": true,
            "resource_labels": null,
            "services_ipv4_cidr": "10.59.240.0/20",
            "subnetwork": "projects/devops-27/regions/us-east1/subnetworks/default",
            "timeouts": null,
            "vertical_pod_autoscaling": [],
            "zone": null
          },
          "private": "eyJlMmJmYjczMC1lY2FhLTExZTYtOGY4OC0zNDM2M2JjN2M0YzAiOnsiY3JlYXRlIjoyNDAwMDAwMDAwMDAwLCJkZWxldGUiOjI0MDAwMDAwMDAwMDAsInVwZGF0ZSI6MzYwMDAwMDAwMDAwMH0sInNjaGVtYV92ZXJzaW9uIjoiMSJ9"
        }
      ]
    },
    {
      "mode": "managed",
      "type": "google_container_node_pool",
      "name": "primary_nodes",
      "provider": "provider.google",
      "instances": [
        {
          "schema_version": 1,
          "attributes": {
            "autoscaling": [
              {
                "max_node_count": 3,
                "min_node_count": 1
              }
            ],
            "cluster": "devops-27-demo",
            "id": "projects/devops-27/locations/us-east1/clusters/devops-27-demo/nodePools/devops-27-demo",
            "initial_node_count": 1,
            "instance_group_urls": [
              "https://www.googleapis.com/compute/v1/projects/devops-27/zones/us-east1-b/instanceGroupManagers/gke-devops-27-demo-devops-27-demo-917e1def-grp",
              "https://www.googleapis.com/compute/v1/projects/devops-27/zones/us-east1-d/instanceGroupManagers/gke-devops-27-demo-devops-27-demo-a0380117-grp",
              "https://www.googleapis.com/compute/v1/projects/devops-27/zones/us-east1-c/instanceGroupManagers/gke-devops-27-demo-devops-27-demo-d1db1803-grp"
            ],
            "location": "us-east1",
            "management": [
              {
                "auto_repair": false,
                "auto_upgrade": false
              }
            ],
            "max_pods_per_node": null,
            "name": "devops-27-demo",
            "name_prefix": "",
            "node_config": [
              {
                "disk_size_gb": 100,
                "disk_type": "pd-standard",
                "guest_accelerator": [],
                "image_type": "COS",
                "labels": {},
                "local_ssd_count": 0,
                "machine_type": "n1-standard-2",
                "metadata": {
                  "disable-legacy-endpoints": "true"
                },
                "min_cpu_platform": "",
                "oauth_scopes": [
                  "https://www.googleapis.com/auth/cloud-platform"
                ],
                "preemptible": true,
                "sandbox_config": [],
                "service_account": "default",
                "shielded_instance_config": [
                  {
                    "enable_integrity_monitoring": true,
                    "enable_secure_boot": false
                  }
                ],
                "tags": null,
                "taint": [],
                "workload_metadata_config": []
              }
            ],
            "node_count": 1,
            "project": "devops-27",
            "region": null,
            "timeouts": {
              "create": "15m",
              "delete": null,
              "update": "1h"
            },
            "version": "1.15.7-gke.23",
            "zone": null
          },
          "private": "eyJlMmJmYjczMC1lY2FhLTExZTYtOGY4OC0zNDM2M2JjN2M0YzAiOnsiY3JlYXRlIjo5MDAwMDAwMDAwMDAsImRlbGV0ZSI6MTgwMDAwMDAwMDAwMCwidXBkYXRlIjozNjAwMDAwMDAwMDAwfSwic2NoZW1hX3ZlcnNpb24iOiIxIn0=",
          "depends_on": [
            "google_container_cluster.primary"
          ]
        }
      ]
    }
  ]
}
